
Microsoft Visual Studio Solution File, Format Version 12.00
# Visual Studio Version 16
VisualStudioVersion = 16.0.30225.117
MinimumVisualStudioVersion = 10.0.40219.1
Project("{FAE04EC0-301F-11D3-BF4B-00C04F79EFBC}") = "SVModLanguageParser", "SVModLanguageParser\SVModLanguageParser.csproj", "{1D655D45-E2BD-431A-A367-4569818BF810}"
EndProject
Global
	GlobalSection(SolutionConfigurationPlatforms) = preSolution
		Debug|Any CPU = Debug|Any CPU
		Release|Any CPU = Release|Any CPU
	EndGlobalSection
	GlobalSection(ProjectConfigurationPlatforms) = postSolution
		{1D655D45-E2BD-431A-A367-4569818BF810}.Debug|Any CPU.ActiveCfg = Debug|Any CPU
		{1D655D45-E2BD-431A-A367-4569818BF810}.Debug|Any CPU.Build.0 = Debug|Any CPU
		{1D655D45-E2BD-431A-A367-4569818BF810}.Release|Any CPU.ActiveCfg = Release|Any CPU
		{1D655D45-E2BD-431A-A367-4569818BF810}.Release|Any CPU.Build.0 = Release|Any CPU
	EndGlobalSection
	GlobalSection(SolutionProperties) = preSolution
		HideSolutionNode = FALSE
	EndGlobalSection
	GlobalSection(ExtensibilityGlobals) = postSolution
		SolutionGuid = {35C79582-19EE-4793-BBCA-39428F259459}
	EndGlobalSection
EndGlobal
